
Microsoft Visual Studio Solution File, Format Version 12.00
# Visual Studio Version 17
VisualStudioVersion = 17.10.34916.146
MinimumVisualStudioVersion = 10.0.40219.1
Project("{FAE04EC0-301F-11D3-BF4B-00C04F79EFBC}") = "Practica Clase I", "Practica Clase I\Practica Clase I.csproj", "{201635BB-102F-4F43-A403-404030C685F6}"
EndProject
Global
	GlobalSection(SolutionConfigurationPlatforms) = preSolution
		Debug|Any CPU = Debug|Any CPU
		Release|Any CPU = Release|Any CPU
	EndGlobalSection
	GlobalSection(ProjectConfigurationPlatforms) = postSolution
		{201635BB-102F-4F43-A403-404030C685F6}.Debug|Any CPU.ActiveCfg = Debug|Any CPU
		{201635BB-102F-4F43-A403-404030C685F6}.Debug|Any CPU.Build.0 = Debug|Any CPU
		{201635BB-102F-4F43-A403-404030C685F6}.Release|Any CPU.ActiveCfg = Release|Any CPU
		{201635BB-102F-4F43-A403-404030C685F6}.Release|Any CPU.Build.0 = Release|Any CPU
	EndGlobalSection
	GlobalSection(SolutionProperties) = preSolution
		HideSolutionNode = FALSE
	EndGlobalSection
	GlobalSection(ExtensibilityGlobals) = postSolution
		SolutionGuid = {8B945AE6-7AE8-4B14-ADD2-73125865D1D8}
	EndGlobalSection
EndGlobal
